
Microsoft Visual Studio Solution File, Format Version 12.00
# Visual Studio Version 17
VisualStudioVersion = 17.14.36127.28
MinimumVisualStudioVersion = 10.0.40219.1
Project("{FAE04EC0-301F-11D3-BF4B-00C04F79EFBC}") = "TestProject3", "TestProject3\TestProject3.csproj", "{376E78B0-C6A8-4F8A-A4DA-56A970629CEE}"
EndProject
Project("{FAE04EC0-301F-11D3-BF4B-00C04F79EFBC}") = "StajSureci", "..\..\Deneme2\StajSureci.csproj", "{24ADBB4F-E10D-3ACA-D54D-2AE3AF6DA3FD}"
EndProject
Project("{FAE04EC0-301F-11D3-BF4B-00C04F79EFBC}") = "Register_Redirect_Test", "Register_Redirect_Test\Register_Redirect_Test.csproj", "{0D8D358E-3029-4B35-9E2E-5CB5B7818DEE}"
EndProject
Global
	GlobalSection(SolutionConfigurationPlatforms) = preSolution
		Debug|Any CPU = Debug|Any CPU
		Release|Any CPU = Release|Any CPU
	EndGlobalSection
	GlobalSection(ProjectConfigurationPlatforms) = postSolution
		{376E78B0-C6A8-4F8A-A4DA-56A970629CEE}.Debug|Any CPU.ActiveCfg = Debug|Any CPU
		{376E78B0-C6A8-4F8A-A4DA-56A970629CEE}.Debug|Any CPU.Build.0 = Debug|Any CPU
		{376E78B0-C6A8-4F8A-A4DA-56A970629CEE}.Release|Any CPU.ActiveCfg = Release|Any CPU
		{376E78B0-C6A8-4F8A-A4DA-56A970629CEE}.Release|Any CPU.Build.0 = Release|Any CPU
		{24ADBB4F-E10D-3ACA-D54D-2AE3AF6DA3FD}.Debug|Any CPU.ActiveCfg = Debug|Any CPU
		{24ADBB4F-E10D-3ACA-D54D-2AE3AF6DA3FD}.Debug|Any CPU.Build.0 = Debug|Any CPU
		{24ADBB4F-E10D-3ACA-D54D-2AE3AF6DA3FD}.Release|Any CPU.ActiveCfg = Release|Any CPU
		{24ADBB4F-E10D-3ACA-D54D-2AE3AF6DA3FD}.Release|Any CPU.Build.0 = Release|Any CPU
		{0D8D358E-3029-4B35-9E2E-5CB5B7818DEE}.Debug|Any CPU.ActiveCfg = Debug|Any CPU
		{0D8D358E-3029-4B35-9E2E-5CB5B7818DEE}.Debug|Any CPU.Build.0 = Debug|Any CPU
		{0D8D358E-3029-4B35-9E2E-5CB5B7818DEE}.Release|Any CPU.ActiveCfg = Release|Any CPU
		{0D8D358E-3029-4B35-9E2E-5CB5B7818DEE}.Release|Any CPU.Build.0 = Release|Any CPU
	EndGlobalSection
	GlobalSection(SolutionProperties) = preSolution
		HideSolutionNode = FALSE
	EndGlobalSection
	GlobalSection(ExtensibilityGlobals) = postSolution
		SolutionGuid = {F4E4982E-3C26-45D3-8AF7-887159D91F83}
	EndGlobalSection
EndGlobal
